
Microsoft Visual Studio Solution File, Format Version 12.00
# Visual Studio Version 16
VisualStudioVersion = 16.0.31829.152
MinimumVisualStudioVersion = 10.0.40219.1
Project("{FAE04EC0-301F-11D3-BF4B-00C04F79EFBC}") = "Summator", "..\..\..\Desktop\VisualStudio\Summator\Summator.csproj", "{0A5C9CA4-0C68-4194-9709-83EE36B5ED3D}"
EndProject
Project("{FAE04EC0-301F-11D3-BF4B-00C04F79EFBC}") = "Summator.Tests", "..\..\..\Desktop\VisualStudio\Summator.Tests\Summator.Tests.csproj", "{7F405F2B-9635-4B96-AE73-EC047DD4D413}"
EndProject
Global
	GlobalSection(SolutionConfigurationPlatforms) = preSolution
		Debug|Any CPU = Debug|Any CPU
		Release|Any CPU = Release|Any CPU
	EndGlobalSection
	GlobalSection(ProjectConfigurationPlatforms) = postSolution
		{0A5C9CA4-0C68-4194-9709-83EE36B5ED3D}.Debug|Any CPU.ActiveCfg = Debug|Any CPU
		{0A5C9CA4-0C68-4194-9709-83EE36B5ED3D}.Debug|Any CPU.Build.0 = Debug|Any CPU
		{0A5C9CA4-0C68-4194-9709-83EE36B5ED3D}.Release|Any CPU.ActiveCfg = Release|Any CPU
		{0A5C9CA4-0C68-4194-9709-83EE36B5ED3D}.Release|Any CPU.Build.0 = Release|Any CPU
		{7F405F2B-9635-4B96-AE73-EC047DD4D413}.Debug|Any CPU.ActiveCfg = Debug|Any CPU
		{7F405F2B-9635-4B96-AE73-EC047DD4D413}.Debug|Any CPU.Build.0 = Debug|Any CPU
		{7F405F2B-9635-4B96-AE73-EC047DD4D413}.Release|Any CPU.ActiveCfg = Release|Any CPU
		{7F405F2B-9635-4B96-AE73-EC047DD4D413}.Release|Any CPU.Build.0 = Release|Any CPU
	EndGlobalSection
	GlobalSection(SolutionProperties) = preSolution
		HideSolutionNode = FALSE
	EndGlobalSection
	GlobalSection(ExtensibilityGlobals) = postSolution
		SolutionGuid = {97EF5F3E-040C-4337-84C2-4CE972668B25}
	EndGlobalSection
EndGlobal
